
Microsoft Visual Studio Solution File, Format Version 12.00
# Visual Studio Version 17
VisualStudioVersion = 17.7.34003.232
MinimumVisualStudioVersion = 10.0.40219.1
Project("{FAE04EC0-301F-11D3-BF4B-00C04F79EFBC}") = "ApacheKafkaProducerDemo", "ApacheKafkaProducerDemo\ApacheKafkaProducerDemo.csproj", "{DC129D07-5C9F-410C-B5A8-F7D702B07369}"
EndProject
Project("{FAE04EC0-301F-11D3-BF4B-00C04F79EFBC}") = "ApacheKafkaConsumerDemo", "ApacheKafkaConsumerDemo\ApacheKafkaConsumerDemo.csproj", "{87464E7C-89CD-442B-B4B5-9C8C7DB73351}"
EndProject
Global
	GlobalSection(SolutionConfigurationPlatforms) = preSolution
		Debug|Any CPU = Debug|Any CPU
		Release|Any CPU = Release|Any CPU
	EndGlobalSection
	GlobalSection(ProjectConfigurationPlatforms) = postSolution
		{DC129D07-5C9F-410C-B5A8-F7D702B07369}.Debug|Any CPU.ActiveCfg = Debug|Any CPU
		{DC129D07-5C9F-410C-B5A8-F7D702B07369}.Debug|Any CPU.Build.0 = Debug|Any CPU
		{DC129D07-5C9F-410C-B5A8-F7D702B07369}.Release|Any CPU.ActiveCfg = Release|Any CPU
		{DC129D07-5C9F-410C-B5A8-F7D702B07369}.Release|Any CPU.Build.0 = Release|Any CPU
		{87464E7C-89CD-442B-B4B5-9C8C7DB73351}.Debug|Any CPU.ActiveCfg = Debug|Any CPU
		{87464E7C-89CD-442B-B4B5-9C8C7DB73351}.Debug|Any CPU.Build.0 = Debug|Any CPU
		{87464E7C-89CD-442B-B4B5-9C8C7DB73351}.Release|Any CPU.ActiveCfg = Release|Any CPU
		{87464E7C-89CD-442B-B4B5-9C8C7DB73351}.Release|Any CPU.Build.0 = Release|Any CPU
	EndGlobalSection
	GlobalSection(SolutionProperties) = preSolution
		HideSolutionNode = FALSE
	EndGlobalSection
	GlobalSection(ExtensibilityGlobals) = postSolution
		SolutionGuid = {340B007E-98D3-4FF3-9557-D131870DBE2B}
	EndGlobalSection
EndGlobal
